
Microsoft Visual Studio Solution File, Format Version 12.00
# Visual Studio Version 16
VisualStudioVersion = 16.0.29613.14
MinimumVisualStudioVersion = 10.0.40219.1
Project("{FAE04EC0-301F-11D3-BF4B-00C04F79EFBC}") = "HelloWorld", "HelloWorld\HelloWorld.csproj", "{90AA540F-746C-4CBE-B15C-13DB8A1E6334}"
EndProject
Global
	GlobalSection(SolutionConfigurationPlatforms) = preSolution
		Debug|ARM = Debug|ARM
		Debug|ARM64 = Debug|ARM64
		Debug|x64 = Debug|x64
		Debug|x86 = Debug|x86
		Release|ARM = Release|ARM
		Release|ARM64 = Release|ARM64
		Release|x64 = Release|x64
		Release|x86 = Release|x86
	EndGlobalSection
	GlobalSection(ProjectConfigurationPlatforms) = postSolution
		{90AA540F-746C-4CBE-B15C-13DB8A1E6334}.Debug|ARM.ActiveCfg = Debug|ARM
		{90AA540F-746C-4CBE-B15C-13DB8A1E6334}.Debug|ARM.Build.0 = Debug|ARM
		{90AA540F-746C-4CBE-B15C-13DB8A1E6334}.Debug|ARM.Deploy.0 = Debug|ARM
		{90AA540F-746C-4CBE-B15C-13DB8A1E6334}.Debug|ARM64.ActiveCfg = Debug|ARM64
		{90AA540F-746C-4CBE-B15C-13DB8A1E6334}.Debug|ARM64.Build.0 = Debug|ARM64
		{90AA540F-746C-4CBE-B15C-13DB8A1E6334}.Debug|ARM64.Deploy.0 = Debug|ARM64
		{90AA540F-746C-4CBE-B15C-13DB8A1E6334}.Debug|x64.ActiveCfg = Debug|x64
		{90AA540F-746C-4CBE-B15C-13DB8A1E6334}.Debug|x64.Build.0 = Debug|x64
		{90AA540F-746C-4CBE-B15C-13DB8A1E6334}.Debug|x64.Deploy.0 = Debug|x64
		{90AA540F-746C-4CBE-B15C-13DB8A1E6334}.Debug|x86.ActiveCfg = Debug|x86
		{90AA540F-746C-4CBE-B15C-13DB8A1E6334}.Debug|x86.Build.0 = Debug|x86
		{90AA540F-746C-4CBE-B15C-13DB8A1E6334}.Debug|x86.Deploy.0 = Debug|x86
		{90AA540F-746C-4CBE-B15C-13DB8A1E6334}.Release|ARM.ActiveCfg = Release|ARM
		{90AA540F-746C-4CBE-B15C-13DB8A1E6334}.Release|ARM.Build.0 = Release|ARM
		{90AA540F-746C-4CBE-B15C-13DB8A1E6334}.Release|ARM.Deploy.0 = Release|ARM
		{90AA540F-746C-4CBE-B15C-13DB8A1E6334}.Release|ARM64.ActiveCfg = Release|ARM64
		{90AA540F-746C-4CBE-B15C-13DB8A1E6334}.Release|ARM64.Build.0 = Release|ARM64
		{90AA540F-746C-4CBE-B15C-13DB8A1E6334}.Release|ARM64.Deploy.0 = Release|ARM64
		{90AA540F-746C-4CBE-B15C-13DB8A1E6334}.Release|x64.ActiveCfg = Release|x64
		{90AA540F-746C-4CBE-B15C-13DB8A1E6334}.Release|x64.Build.0 = Release|x64
		{90AA540F-746C-4CBE-B15C-13DB8A1E6334}.Release|x64.Deploy.0 = Release|x64
		{90AA540F-746C-4CBE-B15C-13DB8A1E6334}.Release|x86.ActiveCfg = Release|x86
		{90AA540F-746C-4CBE-B15C-13DB8A1E6334}.Release|x86.Build.0 = Release|x86
		{90AA540F-746C-4CBE-B15C-13DB8A1E6334}.Release|x86.Deploy.0 = Release|x86
	EndGlobalSection
	GlobalSection(SolutionProperties) = preSolution
		HideSolutionNode = FALSE
	EndGlobalSection
	GlobalSection(ExtensibilityGlobals) = postSolution
		SolutionGuid = {5303467A-6652-415F-9E6F-BD14DFF78CBD}
	EndGlobalSection
EndGlobal
